
Microsoft Visual Studio Solution File, Format Version 12.00
# Visual Studio Version 17
VisualStudioVersion = 17.5.002.0
MinimumVisualStudioVersion = 10.0.40219.1
Project("{9A19103F-16F7-4668-BE54-9A1E7A4F7556}") = "FactoryMethodUI", "FactoryMethodUI.csproj", "{63B7E171-0812-40E6-B4C3-E10C27BE6CE3}"
EndProject
Global
	GlobalSection(SolutionConfigurationPlatforms) = preSolution
		Debug|Any CPU = Debug|Any CPU
		Release|Any CPU = Release|Any CPU
	EndGlobalSection
	GlobalSection(ProjectConfigurationPlatforms) = postSolution
		{63B7E171-0812-40E6-B4C3-E10C27BE6CE3}.Debug|Any CPU.ActiveCfg = Debug|Any CPU
		{63B7E171-0812-40E6-B4C3-E10C27BE6CE3}.Debug|Any CPU.Build.0 = Debug|Any CPU
		{63B7E171-0812-40E6-B4C3-E10C27BE6CE3}.Release|Any CPU.ActiveCfg = Release|Any CPU
		{63B7E171-0812-40E6-B4C3-E10C27BE6CE3}.Release|Any CPU.Build.0 = Release|Any CPU
	EndGlobalSection
	GlobalSection(SolutionProperties) = preSolution
		HideSolutionNode = FALSE
	EndGlobalSection
	GlobalSection(ExtensibilityGlobals) = postSolution
		SolutionGuid = {CC453F17-E48B-486C-9019-DF62A9C9C83D}
	EndGlobalSection
EndGlobal
